// !$*UTF8*$!
{
	archiveVersion = 1;
	classes = {
	};
	objectVersion = 46;
	objects = {

/* Begin PBXGroup section */
		7E55E8AF1961FB7D0033F822 = {
			isa = PBXGroup;
			children = (
			);
			sourceTree = "<group>";
		};
/* End PBXGroup section */

/* Begin PBXProject section */
		7E55E8B01961FB7D0033F822 /* Project object */ = {
			isa = PBXProject;
			attributes = {
				LastUpgradeCheck = 0510;
			};
			buildConfigurationList = 7E55E8B31961FB7D0033F822 /* Build configuration list for PBXProject "Red Couch Website" */;
			compatibilityVersion = "Xcode 3.2";
			developmentRegion = English;
			hasScannedForEncodings = 0;
			knownRegions = (
				en,
			);
			mainGroup = 7E55E8AF1961FB7D0033F822;
			projectDirPath = "";
			projectRoot = "";
			targets = (
			);
		};
/* End PBXProject section */

/* Begin XCBuildConfiguration section */
		7E55E8B41961FB7D0033F822 /* Debug */ = {
			isa = XCBuildConfiguration;
			buildSettings = {
			};
			name = Debug;
		};
		7E55E8B51961FB7D0033F822 /* Release */ = {
			isa = XCBuildConfiguration;
			buildSettings = {
			};
			name = Release;
		};
/* End XCBuildConfiguration section */

/* Begin XCConfigurationList section */
		7E55E8B31961FB7D0033F822 /* Build configuration list for PBXProject "Red Couch Website" */ = {
			isa = XCConfigurationList;
			buildConfigurations = (
				7E55E8B41961FB7D0033F822 /* Debug */,
				7E55E8B51961FB7D0033F822 /* Release */,
			);
			defaultConfigurationIsVisible = 0;
			defaultConfigurationName = Release;
		};
/* End XCConfigurationList section */
	};
	rootObject = 7E55E8B01961FB7D0033F822 /* Project object */;
}
